
Microsoft Visual Studio Solution File, Format Version 12.00
# Visual Studio Version 17
VisualStudioVersion = 17.14.36915.13 d17.14
MinimumVisualStudioVersion = 10.0.40219.1
Project("{FAE04EC0-301F-11D3-BF4B-00C04F79EFBC}") = "POSApp", "POSApp\POSApp.csproj", "{FBEA41A1-221D-43CF-926A-63D543E941B1}"
EndProject
Global
	GlobalSection(SolutionConfigurationPlatforms) = preSolution
		Debug|Any CPU = Debug|Any CPU
		Release|Any CPU = Release|Any CPU
	EndGlobalSection
	GlobalSection(ProjectConfigurationPlatforms) = postSolution
		{FBEA41A1-221D-43CF-926A-63D543E941B1}.Debug|Any CPU.ActiveCfg = Debug|Any CPU
		{FBEA41A1-221D-43CF-926A-63D543E941B1}.Debug|Any CPU.Build.0 = Debug|Any CPU
		{FBEA41A1-221D-43CF-926A-63D543E941B1}.Debug|Any CPU.Deploy.0 = Debug|Any CPU
		{FBEA41A1-221D-43CF-926A-63D543E941B1}.Release|Any CPU.ActiveCfg = Release|Any CPU
		{FBEA41A1-221D-43CF-926A-63D543E941B1}.Release|Any CPU.Build.0 = Release|Any CPU
		{FBEA41A1-221D-43CF-926A-63D543E941B1}.Release|Any CPU.Deploy.0 = Release|Any CPU
	EndGlobalSection
	GlobalSection(SolutionProperties) = preSolution
		HideSolutionNode = FALSE
	EndGlobalSection
	GlobalSection(ExtensibilityGlobals) = postSolution
		SolutionGuid = {E7740233-03B3-4BCB-89E0-C7746534765D}
	EndGlobalSection
EndGlobal
